
Microsoft Visual Studio Solution File, Format Version 12.00
# Visual Studio Version 17
VisualStudioVersion = 17.9.34728.123
MinimumVisualStudioVersion = 10.0.40219.1
Project("{FAE04EC0-301F-11D3-BF4B-00C04F79EFBC}") = "Fibonacci", "Fibonacci.csproj", "{4F3106CA-8BBB-46D3-9D9D-EAE32C309193}"
EndProject
Global
	GlobalSection(SolutionConfigurationPlatforms) = preSolution
		Debug|Any CPU = Debug|Any CPU
		Release|Any CPU = Release|Any CPU
	EndGlobalSection
	GlobalSection(ProjectConfigurationPlatforms) = postSolution
		{4F3106CA-8BBB-46D3-9D9D-EAE32C309193}.Debug|Any CPU.ActiveCfg = Debug|Any CPU
		{4F3106CA-8BBB-46D3-9D9D-EAE32C309193}.Debug|Any CPU.Build.0 = Debug|Any CPU
		{4F3106CA-8BBB-46D3-9D9D-EAE32C309193}.Release|Any CPU.ActiveCfg = Release|Any CPU
		{4F3106CA-8BBB-46D3-9D9D-EAE32C309193}.Release|Any CPU.Build.0 = Release|Any CPU
	EndGlobalSection
	GlobalSection(SolutionProperties) = preSolution
		HideSolutionNode = FALSE
	EndGlobalSection
	GlobalSection(ExtensibilityGlobals) = postSolution
		SolutionGuid = {D5A4C428-205F-4316-A1B6-052BD2A10AA8}
	EndGlobalSection
EndGlobal
